
Microsoft Visual Studio Solution File, Format Version 12.00
# Visual Studio Version 16
VisualStudioVersion = 16.0.30804.86
MinimumVisualStudioVersion = 10.0.40219.1
Project("{FAE04EC0-301F-11D3-BF4B-00C04F79EFBC}") = "TinyServer", "TinyServer\TinyServer.csproj", "{EC32FA53-3F58-4C0C-AE3A-522E595C58B5}"
EndProject
Project("{FAE04EC0-301F-11D3-BF4B-00C04F79EFBC}") = "Demo", "Demo\Demo.csproj", "{63892ACE-5F8D-4CF7-B664-33FF9E9B2848}"
EndProject
Global
	GlobalSection(SolutionConfigurationPlatforms) = preSolution
		Debug|Any CPU = Debug|Any CPU
		Release|Any CPU = Release|Any CPU
	EndGlobalSection
	GlobalSection(ProjectConfigurationPlatforms) = postSolution
		{EC32FA53-3F58-4C0C-AE3A-522E595C58B5}.Debug|Any CPU.ActiveCfg = Debug|Any CPU
		{EC32FA53-3F58-4C0C-AE3A-522E595C58B5}.Debug|Any CPU.Build.0 = Debug|Any CPU
		{EC32FA53-3F58-4C0C-AE3A-522E595C58B5}.Release|Any CPU.ActiveCfg = Release|Any CPU
		{EC32FA53-3F58-4C0C-AE3A-522E595C58B5}.Release|Any CPU.Build.0 = Release|Any CPU
		{63892ACE-5F8D-4CF7-B664-33FF9E9B2848}.Debug|Any CPU.ActiveCfg = Debug|Any CPU
		{63892ACE-5F8D-4CF7-B664-33FF9E9B2848}.Debug|Any CPU.Build.0 = Debug|Any CPU
		{63892ACE-5F8D-4CF7-B664-33FF9E9B2848}.Release|Any CPU.ActiveCfg = Release|Any CPU
		{63892ACE-5F8D-4CF7-B664-33FF9E9B2848}.Release|Any CPU.Build.0 = Release|Any CPU
	EndGlobalSection
	GlobalSection(SolutionProperties) = preSolution
		HideSolutionNode = FALSE
	EndGlobalSection
	GlobalSection(ExtensibilityGlobals) = postSolution
		SolutionGuid = {05AA90EA-3701-4079-A36E-F77445FD5079}
	EndGlobalSection
EndGlobal
